
Microsoft Visual Studio Solution File, Format Version 12.00
# Visual Studio Version 17
VisualStudioVersion = 17.7.34031.279
MinimumVisualStudioVersion = 10.0.40219.1
Project("{FAE04EC0-301F-11D3-BF4B-00C04F79EFBC}") = "Qr_Attendance", "Qr_Attendance\Qr_Attendance.csproj", "{C486117A-5F86-43F5-A3BF-BFC48180B77C}"
EndProject
Global
	GlobalSection(SolutionConfigurationPlatforms) = preSolution
		Debug|Any CPU = Debug|Any CPU
		Release|Any CPU = Release|Any CPU
	EndGlobalSection
	GlobalSection(ProjectConfigurationPlatforms) = postSolution
		{C486117A-5F86-43F5-A3BF-BFC48180B77C}.Debug|Any CPU.ActiveCfg = Debug|Any CPU
		{C486117A-5F86-43F5-A3BF-BFC48180B77C}.Debug|Any CPU.Build.0 = Debug|Any CPU
		{C486117A-5F86-43F5-A3BF-BFC48180B77C}.Release|Any CPU.ActiveCfg = Release|Any CPU
		{C486117A-5F86-43F5-A3BF-BFC48180B77C}.Release|Any CPU.Build.0 = Release|Any CPU
	EndGlobalSection
	GlobalSection(SolutionProperties) = preSolution
		HideSolutionNode = FALSE
	EndGlobalSection
	GlobalSection(ExtensibilityGlobals) = postSolution
		SolutionGuid = {DD7D3A62-F5E0-4717-86F3-C5661AFB4E95}
	EndGlobalSection
EndGlobal
